
Microsoft Visual Studio Solution File, Format Version 12.00
# Visual Studio 2015
Project("{FAE04EC0-301F-11D3-BF4B-00C04F79EFBC}") = "multiplayertestneu", "multiplayertestneu.csproj", "{222F2A90-8AD1-A7DB-AEEC-EA9772C7ADE4}"
EndProject
Project("{FAE04EC0-301F-11D3-BF4B-00C04F79EFBC}") = "multiplayertestneu.Editor", "multiplayertestneu.Editor.csproj", "{D5A2A884-8A06-F1C1-3031-B497667C4CC4}"
EndProject
Global
	GlobalSection(SolutionConfigurationPlatforms) = preSolution
		Debug|Any CPU = Debug|Any CPU
		Release|Any CPU = Release|Any CPU
	EndGlobalSection
	GlobalSection(ProjectConfigurationPlatforms) = postSolution
		{222F2A90-8AD1-A7DB-AEEC-EA9772C7ADE4}.Debug|Any CPU.ActiveCfg = Debug|Any CPU
		{222F2A90-8AD1-A7DB-AEEC-EA9772C7ADE4}.Debug|Any CPU.Build.0 = Debug|Any CPU
		{222F2A90-8AD1-A7DB-AEEC-EA9772C7ADE4}.Release|Any CPU.ActiveCfg = Release|Any CPU
		{222F2A90-8AD1-A7DB-AEEC-EA9772C7ADE4}.Release|Any CPU.Build.0 = Release|Any CPU
		{D5A2A884-8A06-F1C1-3031-B497667C4CC4}.Debug|Any CPU.ActiveCfg = Debug|Any CPU
		{D5A2A884-8A06-F1C1-3031-B497667C4CC4}.Debug|Any CPU.Build.0 = Debug|Any CPU
		{D5A2A884-8A06-F1C1-3031-B497667C4CC4}.Release|Any CPU.ActiveCfg = Release|Any CPU
		{D5A2A884-8A06-F1C1-3031-B497667C4CC4}.Release|Any CPU.Build.0 = Release|Any CPU
	EndGlobalSection
	GlobalSection(SolutionProperties) = preSolution
		HideSolutionNode = FALSE
	EndGlobalSection
EndGlobal
